{
  "originHash" : "2c2ef25efa63e1a51864bfa9b9d7261b345595e3549dc9d7ba8420cc99a2a962",
  "pins" : [
    {
      "identity" : "swiftsoup",
      "kind" : "remoteSourceControl",
      "location" : "https://github.com/scinfu/SwiftSoup.git",
      "state" : {
        "revision" : "18b80329749eca5ea29fc50211dca5c7eff5bfec",
        "version" : "2.13.9"
      }
    },
    {
      "identity" : "yams",
      "kind" : "remoteSourceControl",
      "location" : "https://github.com/jpsim/Yams.git",
      "state" : {
        "revision" : "3d6871d5b4a5cd519adf233fbb576e0a2af71c17",
        "version" : "5.4.0"
      }
    }
  ],
  "version" : 3
}
